// !$*UTF8*$!
{
	archiveVersion = 1;
	classes = {
	};
	objectVersion = 77;
	objects = {

/* Begin PBXBuildFile section */
		720DF7282EF88AAF00EB49D2 /* APIKeys.swift in Sources */ = {isa = PBXBuildFile; fileRef = 720DF7272EF88AAF00EB49D2 /* APIKeys.swift */; };
		720DF72A2EF88DF800EB49D2 /* AIAffirmationsChatView.swift in Sources */ = {isa = PBXBuildFile; fileRef = 720DF7292EF88DF800EB49D2 /* AIAffirmationsChatView.swift */; };
		72305A062EF717AB003A8399 /* ChatStorageService.swift in Sources */ = {isa = PBXBuildFile; fileRef = 72305A052EF717AB003A8399 /* ChatStorageService.swift */; };
		724C1B5C2EF3E62B0052D8AE /* SpeechRecognizer.swift in Sources */ = {isa = PBXBuildFile; fileRef = 724C1B5B2EF3E62B0052D8AE /* SpeechRecognizer.swift */; };
		724C1B5E2EF3E67B0052D8AE /* ManifestGenerationService.swift in Sources */ = {isa = PBXBuildFile; fileRef = 724C1B5D2EF3E67B0052D8AE /* ManifestGenerationService.swift */; };
		724C1B602EF3EAC10052D8AE /* manifest_5min.m4a in Resources */ = {isa = PBXBuildFile; fileRef = 724C1B5F2EF3EAC10052D8AE /* manifest_5min.m4a */; };
		724C1B682EF4DA530052D8AE /* soul-of-the-earth_10min.mp3 in Resources */ = {isa = PBXBuildFile; fileRef = 724C1B672EF4DA530052D8AE /* soul-of-the-earth_10min.mp3 */; };
		725082702F076DFD00B5679E /* RevenueCat in Frameworks */ = {isa = PBXBuildFile; productRef = 7250826F2F076DFD00B5679E /* RevenueCat */; };
		725082712F076DFD00B5679E /* RevenueCatUI in Frameworks */ = {isa = PBXBuildFile; productRef = 725082722F076DFD00B5679E /* RevenueCatUI */; };
		726A39512EF795AA00BF8F8E /* 432-hz-tune-in-with-nature-156265.mp3 in Resources */ = {isa = PBXBuildFile; fileRef = 726A394C2EF795AA00BF8F8E /* 432-hz-tune-in-with-nature-156265.mp3 */; };
		726A39522EF795AA00BF8F8E /* 285-hz-tissue-and-organ-healing-156262.mp3 in Resources */ = {isa = PBXBuildFile; fileRef = 726A39492EF795AA00BF8F8E /* 285-hz-tissue-and-organ-healing-156262.mp3 */; };
		726A39532EF795AA00BF8F8E /* 741hz-throat-chakra-balancing-fostering-honest-expressions-157686.mp3 in Resources */ = {isa = PBXBuildFile; fileRef = 726A394F2EF795AA00BF8F8E /* 741hz-throat-chakra-balancing-fostering-honest-expressions-157686.mp3 */; };
		726A39542EF795AA00BF8F8E /* 174-hz-pain-release.mp3 in Resources */ = {isa = PBXBuildFile; fileRef = 726A39482EF795AA00BF8F8E /* 174-hz-pain-release.mp3 */; };
		726A39552EF795AA00BF8F8E /* 417-hz-sacral-chakra-156264.mp3 in Resources */ = {isa = PBXBuildFile; fileRef = 726A394B2EF795AA00BF8F8E /* 417-hz-sacral-chakra-156264.mp3 */; };
		726A39562EF795AA00BF8F8E /* 639-hz-heart-chakra-156267.mp3 in Resources */ = {isa = PBXBuildFile; fileRef = 726A394E2EF795AA00BF8F8E /* 639-hz-heart-chakra-156267.mp3 */; };
		726A39572EF795AA00BF8F8E /* 852hz-third-eye-awakening-unleashing-intuition-clairvoyance-157687.mp3 in Resources */ = {isa = PBXBuildFile; fileRef = 726A39502EF795AA00BF8F8E /* 852hz-third-eye-awakening-unleashing-intuition-clairvoyance-157687.mp3 */; };
		726A39582EF795AA00BF8F8E /* 396-hz-root-chakra-156263.mp3 in Resources */ = {isa = PBXBuildFile; fileRef = 726A394A2EF795AA00BF8F8E /* 396-hz-root-chakra-156263.mp3 */; };
		726A39592EF795AA00BF8F8E /* 528-hz-solar-plexus-156266.mp3 in Resources */ = {isa = PBXBuildFile; fileRef = 726A394D2EF795AA00BF8F8E /* 528-hz-solar-plexus-156266.mp3 */; };
		72996E1F2EF2353D00795B97 /* gongexhale.mp3 in Resources */ = {isa = PBXBuildFile; fileRef = 72996E1E2EF2353C00795B97 /* gongexhale.mp3 */; };
		72996E212EF2354500795B97 /* gonginhale.mp3 in Resources */ = {isa = PBXBuildFile; fileRef = 72996E202EF2354500795B97 /* gonginhale.mp3 */; };
		72996E232EF2354E00795B97 /* gonghold.mp3 in Resources */ = {isa = PBXBuildFile; fileRef = 72996E222EF2354E00795B97 /* gonghold.mp3 */; };
		72996E252EF23F6200795B97 /* bell321.mp3 in Resources */ = {isa = PBXBuildFile; fileRef = 72996E242EF23F6200795B97 /* bell321.mp3 */; };
		72B90C152EEF62E600A446A2 /* KrishnaCmaj.mp3 in Resources */ = {isa = PBXBuildFile; fileRef = 72B90C142EEF62E600A446A2 /* KrishnaCmaj.mp3 */; };
		72B90C192EEFCDCA00A446A2 /* backgroundjungle2.jpg in Resources */ = {isa = PBXBuildFile; fileRef = 72B90C182EEFCDCA00A446A2 /* backgroundjungle2.jpg */; };
		72D83ED02EFF698B002E235A /* clouds.jpg in Resources */ = {isa = PBXBuildFile; fileRef = 72D83ECE2EFF698B002E235A /* clouds.jpg */; };
		72D83ED12EFF698B002E235A /* ocean.jpg in Resources */ = {isa = PBXBuildFile; fileRef = 72D83ECF2EFF698B002E235A /* ocean.jpg */; };
		72D83ED32EFF765C002E235A /* notisound.wav in Resources */ = {isa = PBXBuildFile; fileRef = 72D83ED22EFF765C002E235A /* notisound.wav */; };
		72E2629E2EC68E040080CF29 /* ContentView.swift in Sources */ = {isa = PBXBuildFile; fileRef = 72E262902EC68E040080CF29 /* ContentView.swift */; };
		72E262A52EC68E040080CF29 /* Theme.swift in Sources */ = {isa = PBXBuildFile; fileRef = 72E262A62EC68E040080CF29 /* Theme.swift */; };
		72E262AA2EC68E040080CF29 /* Assets.xcassets in Resources */ = {isa = PBXBuildFile; fileRef = 72E262A92EC68E040080CF29 /* Assets.xcassets */; };
		72E262C52EC68E040080CF29 /* MuseChatView.swift in Sources */ = {isa = PBXBuildFile; fileRef = 72E262C42EC68E040080CF29 /* MuseChatView.swift */; };
		72E262C72EC68E040080CF29 /* ProgressView.swift in Sources */ = {isa = PBXBuildFile; fileRef = 72E262C62EC68E040080CF29 /* ProgressView.swift */; };
		72E262C92EC68E040080CF29 /* Quote.swift in Sources */ = {isa = PBXBuildFile; fileRef = 72E262C82EC68E040080CF29 /* Quote.swift */; };
		72E262CB2EC68E040080CF29 /* Affirmation.swift in Sources */ = {isa = PBXBuildFile; fileRef = 72E262CA2EC68E040080CF29 /* Affirmation.swift */; };
		72E262D12EC68E040080CF29 /* StorageService.swift in Sources */ = {isa = PBXBuildFile; fileRef = 72E262D02EC68E040080CF29 /* StorageService.swift */; };
		72E262D32EC68E040080CF29 /* StartAffirmationsView.swift in Sources */ = {isa = PBXBuildFile; fileRef = 72E262D22EC68E040080CF29 /* StartAffirmationsView.swift */; };
		72E262D52EC68E040080CF29 /* ImmersiveAffirmationView.swift in Sources */ = {isa = PBXBuildFile; fileRef = 72E262D42EC68E040080CF29 /* ImmersiveAffirmationView.swift */; };
		72E262D72EC68E040080CF29 /* ChatBoxView.swift in Sources */ = {isa = PBXBuildFile; fileRef = 72E262D62EC68E040080CF29 /* ChatBoxView.swift */; };
		72E262DA2EC68E040080CF29 /* AffirmationSession.swift in Sources */ = {isa = PBXBuildFile; fileRef = 72E262DB2EC68E040080CF29 /* AffirmationSession.swift */; };
		72E262DC2EC68E040080CF29 /* ProgressService.swift in Sources */ = {isa = PBXBuildFile; fileRef = 72E262DD2EC68E040080CF29 /* ProgressService.swift */; };
		72E262DF2EC68E040080CF29 /* FeedView.swift in Sources */ = {isa = PBXBuildFile; fileRef = 72E262DE2EC68E040080CF29 /* FeedView.swift */; };
		72E262E12EC68E040080CF29 /* PromiseKeeperApp.swift in Sources */ = {isa = PBXBuildFile; fileRef = 72E262E02EC68E040080CF29 /* PromiseKeeperApp.swift */; };
		72E73EBF2EF0BE9F009D3CDB /* forestbirds.mp3 in Resources */ = {isa = PBXBuildFile; fileRef = 72E73EBC2EF0BE9F009D3CDB /* forestbirds.mp3 */; };
		72E73EC02EF0BE9F009D3CDB /* rain.mp3 in Resources */ = {isa = PBXBuildFile; fileRef = 72E73EBD2EF0BE9F009D3CDB /* rain.mp3 */; };
		72E73EC12EF0BE9F009D3CDB /* river.mp3 in Resources */ = {isa = PBXBuildFile; fileRef = 72E73EBE2EF0BE9F009D3CDB /* river.mp3 */; };
		AAAA00012EC6F00000000001 /* ContentLoader.swift in Sources */ = {isa = PBXBuildFile; fileRef = AAAA00002EC6F00000000001 /* ContentLoader.swift */; };
		AAAA00032EC6F00000000002 /* quotes.json in Resources */ = {isa = PBXBuildFile; fileRef = AAAA00022EC6F00000000002 /* quotes.json */; };
		AAAA00052EC6F00000000003 /* affirmations.json in Resources */ = {isa = PBXBuildFile; fileRef = AAAA00042EC6F00000000003 /* affirmations.json */; };
		AAAA00072EC6F00000000005 /* DJTAYEbackground.mp3 in Resources */ = {isa = PBXBuildFile; fileRef = AAAA00062EC6F00000000005 /* DJTAYEbackground.mp3 */; };
		AAAA11112EFA000000000001 /* MuseAgentService.swift in Sources */ = {isa = PBXBuildFile; fileRef = AAAA11102EFA000000000001 /* MuseAgentService.swift */; };
		AAAA11132EFA000000000002 /* MuseUserProfileService.swift in Sources */ = {isa = PBXBuildFile; fileRef = AAAA11122EFA000000000002 /* MuseUserProfileService.swift */; };
		BBBB00012EC7000000000001 /* MuseWidgetsExtensionBundle.swift in Sources */ = {isa = PBXBuildFile; fileRef = BBBB00002EC7000000000001 /* MuseWidgetsExtensionBundle.swift */; };
		BBBB00032EC7000000000002 /* MuseWidgetsExtension.swift in Sources */ = {isa = PBXBuildFile; fileRef = BBBB00022EC7000000000002 /* MuseWidgetsExtension.swift */; };
		BBBB00052EC7000000000003 /* AppIntent.swift in Sources */ = {isa = PBXBuildFile; fileRef = BBBB00042EC7000000000003 /* AppIntent.swift */; };
		BBBB00072EC7000000000004 /* Assets.xcassets in Resources */ = {isa = PBXBuildFile; fileRef = BBBB00062EC7000000000004 /* Assets.xcassets */; };
		BBBB00092EC7000000000005 /* MuseWidgetsExtension.appex in Embed Foundation Extensions */ = {isa = PBXBuildFile; fileRef = BBBB00082EC7000000000005 /* MuseWidgetsExtension.appex */; settings = {ATTRIBUTES = (RemoveHeadersOnCopy, ); }; };
		CCCC00012EEE500000000001 /* SpeechService.swift in Sources */ = {isa = PBXBuildFile; fileRef = CCCC00002EEE500000000001 /* SpeechService.swift */; };
		CCCC00032EEE500000000002 /* OpenAIConfig.swift in Sources */ = {isa = PBXBuildFile; fileRef = CCCC00022EEE500000000002 /* OpenAIConfig.swift */; };
		DDDD00012EF6000000000001 /* FrequencyItem.swift in Sources */ = {isa = PBXBuildFile; fileRef = DDDD00002EF6000000000001 /* FrequencyItem.swift */; };
		DDDD00032EF6000000000002 /* ImmersiveFrequenciesView.swift in Sources */ = {isa = PBXBuildFile; fileRef = DDDD00022EF6000000000002 /* ImmersiveFrequenciesView.swift */; };
		E00100022EF88DF800EB49D2 /* EntitlementManager.swift in Sources */ = {isa = PBXBuildFile; fileRef = E00100012EF88DF800EB49D2 /* EntitlementManager.swift */; };
		E00200022EF88DF800EB49D2 /* OnboardingContainerView.swift in Sources */ = {isa = PBXBuildFile; fileRef = E00200012EF88DF800EB49D2 /* OnboardingContainerView.swift */; };
		E00400022EF88DF800EB49D3 /* PrivacyInfo.xcprivacy in Resources */ = {isa = PBXBuildFile; fileRef = E00400012EF88DF800EB49D3 /* PrivacyInfo.xcprivacy */; };
		EEEE00012EF7000000000001 /* LocalSecrets.swift in Sources */ = {isa = PBXBuildFile; fileRef = EEEE00002EF7000000000001 /* LocalSecrets.swift */; };
		FFFF00052EF9000000000005 /* JournalView.swift in Sources */ = {isa = PBXBuildFile; fileRef = FFFF00012EF9000000000001 /* JournalView.swift */; };
		FFFF00062EF9000000000006 /* ChatHistoryView.swift in Sources */ = {isa = PBXBuildFile; fileRef = FFFF00022EF9000000000002 /* ChatHistoryView.swift */; };
		FFFF00072EF9000000000007 /* ImmersiveManifestView.swift in Sources */ = {isa = PBXBuildFile; fileRef = FFFF00032EF9000000000003 /* ImmersiveManifestView.swift */; };
/* End PBXBuildFile section */

/* Begin PBXContainerItemProxy section */
		72E262672EC68CF60080CF29 /* PBXContainerItemProxy */ = {
			isa = PBXContainerItemProxy;
			containerPortal = 72E2624F2EC68CF40080CF29 /* Project object */;
			proxyType = 1;
			remoteGlobalIDString = 72E262562EC68CF40080CF29;
			remoteInfo = Muse;
		};
		72E262712EC68CF60080CF29 /* PBXContainerItemProxy */ = {
			isa = PBXContainerItemProxy;
			containerPortal = 72E2624F2EC68CF40080CF29 /* Project object */;
			proxyType = 1;
			remoteGlobalIDString = 72E262562EC68CF40080CF29;
			remoteInfo = Muse;
		};
		BBBB000A2EC7000000000006 /* PBXContainerItemProxy */ = {
			isa = PBXContainerItemProxy;
			containerPortal = 72E2624F2EC68CF40080CF29 /* Project object */;
			proxyType = 1;
			remoteGlobalIDString = BBBB000B2EC7000000000007;
			remoteInfo = MuseWidgetsExtension;
		};
/* End PBXContainerItemProxy section */

/* Begin PBXCopyFilesBuildPhase section */
		BBBB000C2EC7000000000008 /* Embed Foundation Extensions */ = {
			isa = PBXCopyFilesBuildPhase;
			buildActionMask = 2147483647;
			dstPath = "";
			dstSubfolderSpec = 13;
			files = (
				BBBB00092EC7000000000005 /* MuseWidgetsExtension.appex in Embed Foundation Extensions */,
			);
			name = "Embed Foundation Extensions";
			runOnlyForDeploymentPostprocessing = 0;
		};
/* End PBXCopyFilesBuildPhase section */

/* Begin PBXFileReference section */
		720DF7272EF88AAF00EB49D2 /* APIKeys.swift */ = {isa = PBXFileReference; lastKnownFileType = sourcecode.swift; path = APIKeys.swift; sourceTree = "<group>"; };
		720DF7292EF88DF800EB49D2 /* AIAffirmationsChatView.swift */ = {isa = PBXFileReference; lastKnownFileType = sourcecode.swift; path = AIAffirmationsChatView.swift; sourceTree = "<group>"; };
		72305A052EF717AB003A8399 /* ChatStorageService.swift */ = {isa = PBXFileReference; lastKnownFileType = sourcecode.swift; path = ChatStorageService.swift; sourceTree = "<group>"; };
		724C1B5A2EF3BF150052D8AE /* Info.plist */ = {isa = PBXFileReference; lastKnownFileType = text.plist; path = Info.plist; sourceTree = "<group>"; };
		724C1B5B2EF3E62B0052D8AE /* SpeechRecognizer.swift */ = {isa = PBXFileReference; lastKnownFileType = sourcecode.swift; path = SpeechRecognizer.swift; sourceTree = "<group>"; };
		724C1B5D2EF3E67B0052D8AE /* ManifestGenerationService.swift */ = {isa = PBXFileReference; lastKnownFileType = sourcecode.swift; path = ManifestGenerationService.swift; sourceTree = "<group>"; };
		724C1B5F2EF3EAC10052D8AE /* manifest_5min.m4a */ = {isa = PBXFileReference; lastKnownFileType = file; path = manifest_5min.m4a; sourceTree = "<group>"; };
		724C1B672EF4DA530052D8AE /* soul-of-the-earth_10min.mp3 */ = {isa = PBXFileReference; lastKnownFileType = audio.mp3; path = "soul-of-the-earth_10min.mp3"; sourceTree = "<group>"; };
		726A39482EF795AA00BF8F8E /* 174-hz-pain-release.mp3 */ = {isa = PBXFileReference; lastKnownFileType = audio.mp3; path = "174-hz-pain-release.mp3"; sourceTree = "<group>"; };
		726A39492EF795AA00BF8F8E /* 285-hz-tissue-and-organ-healing-156262.mp3 */ = {isa = PBXFileReference; lastKnownFileType = audio.mp3; path = "285-hz-tissue-and-organ-healing-156262.mp3"; sourceTree = "<group>"; };
		726A394A2EF795AA00BF8F8E /* 396-hz-root-chakra-156263.mp3 */ = {isa = PBXFileReference; lastKnownFileType = audio.mp3; path = "396-hz-root-chakra-156263.mp3"; sourceTree = "<group>"; };
		726A394B2EF795AA00BF8F8E /* 417-hz-sacral-chakra-156264.mp3 */ = {isa = PBXFileReference; lastKnownFileType = audio.mp3; path = "417-hz-sacral-chakra-156264.mp3"; sourceTree = "<group>"; };
		726A394C2EF795AA00BF8F8E /* 432-hz-tune-in-with-nature-156265.mp3 */ = {isa = PBXFileReference; lastKnownFileType = audio.mp3; path = "432-hz-tune-in-with-nature-156265.mp3"; sourceTree = "<group>"; };
		726A394D2EF795AA00BF8F8E /* 528-hz-solar-plexus-156266.mp3 */ = {isa = PBXFileReference; lastKnownFileType = audio.mp3; path = "528-hz-solar-plexus-156266.mp3"; sourceTree = "<group>"; };
		726A394E2EF795AA00BF8F8E /* 639-hz-heart-chakra-156267.mp3 */ = {isa = PBXFileReference; lastKnownFileType = audio.mp3; path = "639-hz-heart-chakra-156267.mp3"; sourceTree = "<group>"; };
		726A394F2EF795AA00BF8F8E /* 741hz-throat-chakra-balancing-fostering-honest-expressions-157686.mp3 */ = {isa = PBXFileReference; lastKnownFileType = audio.mp3; path = "741hz-throat-chakra-balancing-fostering-honest-expressions-157686.mp3"; sourceTree = "<group>"; };
		726A39502EF795AA00BF8F8E /* 852hz-third-eye-awakening-unleashing-intuition-clairvoyance-157687.mp3 */ = {isa = PBXFileReference; lastKnownFileType = audio.mp3; path = "852hz-third-eye-awakening-unleashing-intuition-clairvoyance-157687.mp3"; sourceTree = "<group>"; };
		72996E1E2EF2353C00795B97 /* gongexhale.mp3 */ = {isa = PBXFileReference; lastKnownFileType = audio.mp3; path = gongexhale.mp3; sourceTree = "<group>"; };
		72996E202EF2354500795B97 /* gonginhale.mp3 */ = {isa = PBXFileReference; lastKnownFileType = audio.mp3; path = gonginhale.mp3; sourceTree = "<group>"; };
		72996E222EF2354E00795B97 /* gonghold.mp3 */ = {isa = PBXFileReference; lastKnownFileType = audio.mp3; path = gonghold.mp3; sourceTree = "<group>"; };
		72996E242EF23F6200795B97 /* bell321.mp3 */ = {isa = PBXFileReference; lastKnownFileType = audio.mp3; path = bell321.mp3; sourceTree = "<group>"; };
		72B90C142EEF62E600A446A2 /* KrishnaCmaj.mp3 */ = {isa = PBXFileReference; lastKnownFileType = audio.mp3; path = KrishnaCmaj.mp3; sourceTree = "<group>"; };
		72B90C182EEFCDCA00A446A2 /* backgroundjungle2.jpg */ = {isa = PBXFileReference; lastKnownFileType = image.jpeg; path = backgroundjungle2.jpg; sourceTree = "<group>"; };
		72D83ECE2EFF698B002E235A /* clouds.jpg */ = {isa = PBXFileReference; lastKnownFileType = image.jpeg; path = clouds.jpg; sourceTree = "<group>"; };
		72D83ECF2EFF698B002E235A /* ocean.jpg */ = {isa = PBXFileReference; lastKnownFileType = image.jpeg; path = ocean.jpg; sourceTree = "<group>"; };
		72D83ED22EFF765C002E235A /* notisound.wav */ = {isa = PBXFileReference; lastKnownFileType = audio.wav; path = notisound.wav; sourceTree = "<group>"; };
		72E262572EC68CF40080CF29 /* Muse.app */ = {isa = PBXFileReference; explicitFileType = wrapper.application; includeInIndex = 0; path = Muse.app; sourceTree = BUILT_PRODUCTS_DIR; };
		72E262662EC68CF60080CF29 /* MuseTests.xctest */ = {isa = PBXFileReference; explicitFileType = wrapper.cfbundle; includeInIndex = 0; path = MuseTests.xctest; sourceTree = BUILT_PRODUCTS_DIR; };
		72E262702EC68CF60080CF29 /* MuseUITests.xctest */ = {isa = PBXFileReference; explicitFileType = wrapper.cfbundle; includeInIndex = 0; path = MuseUITests.xctest; sourceTree = BUILT_PRODUCTS_DIR; };
		72E262902EC68E040080CF29 /* ContentView.swift */ = {isa = PBXFileReference; lastKnownFileType = sourcecode.swift; path = ContentView.swift; sourceTree = "<group>"; };
		72E262A62EC68E040080CF29 /* Theme.swift */ = {isa = PBXFileReference; lastKnownFileType = sourcecode.swift; path = Theme.swift; sourceTree = "<group>"; };
		72E262A92EC68E040080CF29 /* Assets.xcassets */ = {isa = PBXFileReference; lastKnownFileType = folder.assetcatalog; path = Assets.xcassets; sourceTree = "<group>"; };
		72E262C42EC68E040080CF29 /* MuseChatView.swift */ = {isa = PBXFileReference; lastKnownFileType = sourcecode.swift; path = MuseChatView.swift; sourceTree = "<group>"; };
		72E262C62EC68E040080CF29 /* ProgressView.swift */ = {isa = PBXFileReference; lastKnownFileType = sourcecode.swift; path = ProgressView.swift; sourceTree = "<group>"; };
		72E262C82EC68E040080CF29 /* Quote.swift */ = {isa = PBXFileReference; lastKnownFileType = sourcecode.swift; path = Quote.swift; sourceTree = "<group>"; };
		72E262CA2EC68E040080CF29 /* Affirmation.swift */ = {isa = PBXFileReference; lastKnownFileType = sourcecode.swift; path = Affirmation.swift; sourceTree = "<group>"; };
		72E262D02EC68E040080CF29 /* StorageService.swift */ = {isa = PBXFileReference; lastKnownFileType = sourcecode.swift; path = StorageService.swift; sourceTree = "<group>"; };
		72E262D22EC68E040080CF29 /* StartAffirmationsView.swift */ = {isa = PBXFileReference; lastKnownFileType = sourcecode.swift; path = StartAffirmationsView.swift; sourceTree = "<group>"; };
		72E262D42EC68E040080CF29 /* ImmersiveAffirmationView.swift */ = {isa = PBXFileReference; lastKnownFileType = sourcecode.swift; path = ImmersiveAffirmationView.swift; sourceTree = "<group>"; };
		72E262D62EC68E040080CF29 /* ChatBoxView.swift */ = {isa = PBXFileReference; lastKnownFileType = sourcecode.swift; path = ChatBoxView.swift; sourceTree = "<group>"; };
		72E262DB2EC68E040080CF29 /* AffirmationSession.swift */ = {isa = PBXFileReference; lastKnownFileType = sourcecode.swift; path = AffirmationSession.swift; sourceTree = "<group>"; };
		72E262DD2EC68E040080CF29 /* ProgressService.swift */ = {isa = PBXFileReference; lastKnownFileType = sourcecode.swift; path = ProgressService.swift; sourceTree = "<group>"; };
		72E262DE2EC68E040080CF29 /* FeedView.swift */ = {isa = PBXFileReference; lastKnownFileType = sourcecode.swift; path = FeedView.swift; sourceTree = "<group>"; };
		72E262E02EC68E040080CF29 /* PromiseKeeperApp.swift */ = {isa = PBXFileReference; lastKnownFileType = sourcecode.swift; path = PromiseKeeperApp.swift; sourceTree = "<group>"; };
		72E73EBC2EF0BE9F009D3CDB /* forestbirds.mp3 */ = {isa = PBXFileReference; lastKnownFileType = audio.mp3; path = forestbirds.mp3; sourceTree = "<group>"; };
		72E73EBD2EF0BE9F009D3CDB /* rain.mp3 */ = {isa = PBXFileReference; lastKnownFileType = audio.mp3; path = rain.mp3; sourceTree = "<group>"; };
		72E73EBE2EF0BE9F009D3CDB /* river.mp3 */ = {isa = PBXFileReference; lastKnownFileType = audio.mp3; path = river.mp3; sourceTree = "<group>"; };
		72EFBB082EEE3E5C00C40084 /* Muse.entitlements */ = {isa = PBXFileReference; lastKnownFileType = text.plist.entitlements; path = Muse.entitlements; sourceTree = "<group>"; };
		AAAA00002EC6F00000000001 /* ContentLoader.swift */ = {isa = PBXFileReference; lastKnownFileType = sourcecode.swift; path = ContentLoader.swift; sourceTree = "<group>"; };
		AAAA00022EC6F00000000002 /* quotes.json */ = {isa = PBXFileReference; lastKnownFileType = text.json; path = quotes.json; sourceTree = "<group>"; };
		AAAA00042EC6F00000000003 /* affirmations.json */ = {isa = PBXFileReference; lastKnownFileType = text.json; path = affirmations.json; sourceTree = "<group>"; };
		AAAA00062EC6F00000000005 /* DJTAYEbackground.mp3 */ = {isa = PBXFileReference; lastKnownFileType = audio.mp3; path = DJTAYEbackground.mp3; sourceTree = "<group>"; };
		AAAA11102EFA000000000001 /* MuseAgentService.swift */ = {isa = PBXFileReference; lastKnownFileType = sourcecode.swift; path = MuseAgentService.swift; sourceTree = "<group>"; };
		AAAA11122EFA000000000002 /* MuseUserProfileService.swift */ = {isa = PBXFileReference; lastKnownFileType = sourcecode.swift; path = MuseUserProfileService.swift; sourceTree = "<group>"; };
		BBBB00002EC7000000000001 /* MuseWidgetsExtensionBundle.swift */ = {isa = PBXFileReference; lastKnownFileType = sourcecode.swift; path = MuseWidgetsExtensionBundle.swift; sourceTree = "<group>"; };
		BBBB00022EC7000000000002 /* MuseWidgetsExtension.swift */ = {isa = PBXFileReference; lastKnownFileType = sourcecode.swift; path = MuseWidgetsExtension.swift; sourceTree = "<group>"; };
		BBBB00042EC7000000000003 /* AppIntent.swift */ = {isa = PBXFileReference; lastKnownFileType = sourcecode.swift; path = AppIntent.swift; sourceTree = "<group>"; };
		BBBB00062EC7000000000004 /* Assets.xcassets */ = {isa = PBXFileReference; lastKnownFileType = folder.assetcatalog; path = Assets.xcassets; sourceTree = "<group>"; };
		BBBB00082EC7000000000005 /* MuseWidgetsExtension.appex */ = {isa = PBXFileReference; explicitFileType = "wrapper.app-extension"; includeInIndex = 0; path = MuseWidgetsExtension.appex; sourceTree = BUILT_PRODUCTS_DIR; };
		BBBB000D2EC7000000000009 /* Info.plist */ = {isa = PBXFileReference; lastKnownFileType = text.plist.xml; path = Info.plist; sourceTree = "<group>"; };
		BBBB000E2EC700000000000A /* MuseWidgetsExtension.entitlements */ = {isa = PBXFileReference; lastKnownFileType = text.plist.entitlements; path = MuseWidgetsExtension.entitlements; sourceTree = "<group>"; };
		CCCC00002EEE500000000001 /* SpeechService.swift */ = {isa = PBXFileReference; lastKnownFileType = sourcecode.swift; path = SpeechService.swift; sourceTree = "<group>"; };
		CCCC00022EEE500000000002 /* OpenAIConfig.swift */ = {isa = PBXFileReference; lastKnownFileType = sourcecode.swift; path = OpenAIConfig.swift; sourceTree = "<group>"; };
		DDDD00002EF6000000000001 /* FrequencyItem.swift */ = {isa = PBXFileReference; lastKnownFileType = sourcecode.swift; path = FrequencyItem.swift; sourceTree = "<group>"; };
		DDDD00022EF6000000000002 /* ImmersiveFrequenciesView.swift */ = {isa = PBXFileReference; lastKnownFileType = sourcecode.swift; path = ImmersiveFrequenciesView.swift; sourceTree = "<group>"; };
		E00100012EF88DF800EB49D2 /* EntitlementManager.swift */ = {isa = PBXFileReference; lastKnownFileType = sourcecode.swift; path = EntitlementManager.swift; sourceTree = "<group>"; };
		E00200012EF88DF800EB49D2 /* OnboardingContainerView.swift */ = {isa = PBXFileReference; lastKnownFileType = sourcecode.swift; path = OnboardingContainerView.swift; sourceTree = "<group>"; };
		E00400012EF88DF800EB49D3 /* PrivacyInfo.xcprivacy */ = {isa = PBXFileReference; lastKnownFileType = text.xml; path = PrivacyInfo.xcprivacy; sourceTree = "<group>"; };
		EEEE00002EF7000000000001 /* LocalSecrets.swift */ = {isa = PBXFileReference; lastKnownFileType = sourcecode.swift; path = LocalSecrets.swift; sourceTree = "<group>"; };
		FFFF00012EF9000000000001 /* JournalView.swift */ = {isa = PBXFileReference; lastKnownFileType = sourcecode.swift; path = JournalView.swift; sourceTree = "<group>"; };
		FFFF00022EF9000000000002 /* ChatHistoryView.swift */ = {isa = PBXFileReference; lastKnownFileType = sourcecode.swift; path = ChatHistoryView.swift; sourceTree = "<group>"; };
		FFFF00032EF9000000000003 /* ImmersiveManifestView.swift */ = {isa = PBXFileReference; lastKnownFileType = sourcecode.swift; path = ImmersiveManifestView.swift; sourceTree = "<group>"; };
/* End PBXFileReference section */

/* Begin PBXFrameworksBuildPhase section */
		72E262542EC68CF40080CF29 /* Frameworks */ = {
			isa = PBXFrameworksBuildPhase;
			buildActionMask = 2147483647;
			files = (
				725082702F076DFD00B5679E /* RevenueCat in Frameworks */,
				725082712F076DFD00B5679E /* RevenueCatUI in Frameworks */,
			);
			runOnlyForDeploymentPostprocessing = 0;
		};
		72E262632EC68CF60080CF29 /* Frameworks */ = {
			isa = PBXFrameworksBuildPhase;
			buildActionMask = 2147483647;
			files = (
			);
			runOnlyForDeploymentPostprocessing = 0;
		};
		72E2626D2EC68CF60080CF29 /* Frameworks */ = {
			isa = PBXFrameworksBuildPhase;
			buildActionMask = 2147483647;
			files = (
			);
			runOnlyForDeploymentPostprocessing = 0;
		};
		BBBB000F2EC700000000000B /* Frameworks */ = {
			isa = PBXFrameworksBuildPhase;
			buildActionMask = 2147483647;
			files = (
			);
			runOnlyForDeploymentPostprocessing = 0;
		};
/* End PBXFrameworksBuildPhase section */

/* Begin PBXGroup section */
		72E2624E2EC68CF40080CF29 = {
			isa = PBXGroup;
			children = (
				72E262592EC68CF40080CF29 /* Muse */,
				72E262872EC68E040080CF29 /* Models */,
				72E2628C2EC68E040080CF29 /* Services */,
				72E262932EC68E040080CF29 /* Views */,
				AAAA00062EC6F00000000004 /* Resources */,
				72E262A92EC68E040080CF29 /* Assets.xcassets */,
				BBBB00102EC700000000000C /* MuseWidgetsExtension */,
				BBBB000E2EC700000000000A /* MuseWidgetsExtension.entitlements */,
				72E262582EC68CF40080CF29 /* Products */,
			);
			sourceTree = "<group>";
		};
		72E262582EC68CF40080CF29 /* Products */ = {
			isa = PBXGroup;
			children = (
				72E262572EC68CF40080CF29 /* Muse.app */,
				72E262662EC68CF60080CF29 /* MuseTests.xctest */,
				72E262702EC68CF60080CF29 /* MuseUITests.xctest */,
				BBBB00082EC7000000000005 /* MuseWidgetsExtension.appex */,
			);
			name = Products;
			sourceTree = "<group>";
		};
		72E262592EC68CF40080CF29 /* Muse */ = {
			isa = PBXGroup;
			children = (
				724C1B5A2EF3BF150052D8AE /* Info.plist */,
				E00400012EF88DF800EB49D3 /* PrivacyInfo.xcprivacy */,
				72EFBB082EEE3E5C00C40084 /* Muse.entitlements */,
				72E262E02EC68E040080CF29 /* PromiseKeeperApp.swift */,
			);
			path = Muse;
			sourceTree = "<group>";
		};
		72E262872EC68E040080CF29 /* Models */ = {
			isa = PBXGroup;
			children = (
				72E262C82EC68E040080CF29 /* Quote.swift */,
				72E262CA2EC68E040080CF29 /* Affirmation.swift */,
				72E262DB2EC68E040080CF29 /* AffirmationSession.swift */,
				DDDD00002EF6000000000001 /* FrequencyItem.swift */,
			);
			path = Models;
			sourceTree = "<group>";
		};
		72E2628C2EC68E040080CF29 /* Services */ = {
			isa = PBXGroup;
			children = (
				720DF7272EF88AAF00EB49D2 /* APIKeys.swift */,
				E00100012EF88DF800EB49D2 /* EntitlementManager.swift */,
				72305A052EF717AB003A8399 /* ChatStorageService.swift */,
				724C1B5D2EF3E67B0052D8AE /* ManifestGenerationService.swift */,
				724C1B5B2EF3E62B0052D8AE /* SpeechRecognizer.swift */,
				72E262D02EC68E040080CF29 /* StorageService.swift */,
				72E262DD2EC68E040080CF29 /* ProgressService.swift */,
				AAAA00002EC6F00000000001 /* ContentLoader.swift */,
				CCCC00002EEE500000000001 /* SpeechService.swift */,
				CCCC00022EEE500000000002 /* OpenAIConfig.swift */,
				EEEE00002EF7000000000001 /* LocalSecrets.swift */,
				AAAA11102EFA000000000001 /* MuseAgentService.swift */,
				AAAA11122EFA000000000002 /* MuseUserProfileService.swift */,
			);
			path = Services;
			sourceTree = "<group>";
		};
		72E262932EC68E040080CF29 /* Views */ = {
			isa = PBXGroup;
			children = (
				72E262902EC68E040080CF29 /* ContentView.swift */,
				72E262DE2EC68E040080CF29 /* FeedView.swift */,
				72E262A62EC68E040080CF29 /* Theme.swift */,
				72E262F02EC68E040080CF29 /* Library */,
				72E262F12EC68E040080CF29 /* Muse */,
				E00300012EF88DF800EB49D2 /* Onboarding */,
				72E262F22EC68E040080CF29 /* Progress */,
				FFFF00042EF9000000000004 /* Manifest */,
			);
			path = Views;
			sourceTree = "<group>";
		};
		72E262F02EC68E040080CF29 /* Library */ = {
			isa = PBXGroup;
			children = (
				720DF7292EF88DF800EB49D2 /* AIAffirmationsChatView.swift */,
				72E262D22EC68E040080CF29 /* StartAffirmationsView.swift */,
				72E262D42EC68E040080CF29 /* ImmersiveAffirmationView.swift */,
				DDDD00022EF6000000000002 /* ImmersiveFrequenciesView.swift */,
			);
			path = Library;
			sourceTree = "<group>";
		};
		72E262F12EC68E040080CF29 /* Muse */ = {
			isa = PBXGroup;
			children = (
				72E262C42EC68E040080CF29 /* MuseChatView.swift */,
				72E262D62EC68E040080CF29 /* ChatBoxView.swift */,
				FFFF00012EF9000000000001 /* JournalView.swift */,
				FFFF00022EF9000000000002 /* ChatHistoryView.swift */,
			);
			path = Muse;
			sourceTree = "<group>";
		};
		72E262F22EC68E040080CF29 /* Progress */ = {
			isa = PBXGroup;
			children = (
				72E262C62EC68E040080CF29 /* ProgressView.swift */,
			);
			path = Progress;
			sourceTree = "<group>";
		};
		AAAA00062EC6F00000000004 /* Resources */ = {
			isa = PBXGroup;
			children = (
				72D83ED22EFF765C002E235A /* notisound.wav */,
				72D83ECE2EFF698B002E235A /* clouds.jpg */,
				72D83ECF2EFF698B002E235A /* ocean.jpg */,
				726A39482EF795AA00BF8F8E /* 174-hz-pain-release.mp3 */,
				726A39492EF795AA00BF8F8E /* 285-hz-tissue-and-organ-healing-156262.mp3 */,
				726A394A2EF795AA00BF8F8E /* 396-hz-root-chakra-156263.mp3 */,
				726A394B2EF795AA00BF8F8E /* 417-hz-sacral-chakra-156264.mp3 */,
				726A394C2EF795AA00BF8F8E /* 432-hz-tune-in-with-nature-156265.mp3 */,
				726A394D2EF795AA00BF8F8E /* 528-hz-solar-plexus-156266.mp3 */,
				726A394E2EF795AA00BF8F8E /* 639-hz-heart-chakra-156267.mp3 */,
				726A394F2EF795AA00BF8F8E /* 741hz-throat-chakra-balancing-fostering-honest-expressions-157686.mp3 */,
				726A39502EF795AA00BF8F8E /* 852hz-third-eye-awakening-unleashing-intuition-clairvoyance-157687.mp3 */,
				AAAA00022EC6F00000000002 /* quotes.json */,
				AAAA00042EC6F00000000003 /* affirmations.json */,
				724C1B672EF4DA530052D8AE /* soul-of-the-earth_10min.mp3 */,
				72B90C142EEF62E600A446A2 /* KrishnaCmaj.mp3 */,
				AAAA00062EC6F00000000005 /* DJTAYEbackground.mp3 */,
				72E73EBC2EF0BE9F009D3CDB /* forestbirds.mp3 */,
				72E73EBD2EF0BE9F009D3CDB /* rain.mp3 */,
				72E73EBE2EF0BE9F009D3CDB /* river.mp3 */,
				72996E1E2EF2353C00795B97 /* gongexhale.mp3 */,
				72996E202EF2354500795B97 /* gonginhale.mp3 */,
				72996E222EF2354E00795B97 /* gonghold.mp3 */,
				72996E242EF23F6200795B97 /* bell321.mp3 */,
				724C1B5F2EF3EAC10052D8AE /* manifest_5min.m4a */,
				72B90C182EEFCDCA00A446A2 /* backgroundjungle2.jpg */,
			);
			path = Resources;
			sourceTree = "<group>";
		};
		BBBB00102EC700000000000C /* MuseWidgetsExtension */ = {
			isa = PBXGroup;
			children = (
				BBBB00002EC7000000000001 /* MuseWidgetsExtensionBundle.swift */,
				BBBB00022EC7000000000002 /* MuseWidgetsExtension.swift */,
				BBBB00042EC7000000000003 /* AppIntent.swift */,
				BBBB00062EC7000000000004 /* Assets.xcassets */,
				BBBB000D2EC7000000000009 /* Info.plist */,
			);
			path = MuseWidgetsExtension;
			sourceTree = "<group>";
		};
		E00300012EF88DF800EB49D2 /* Onboarding */ = {
			isa = PBXGroup;
			children = (
				E00200012EF88DF800EB49D2 /* OnboardingContainerView.swift */,
			);
			path = Onboarding;
			sourceTree = "<group>";
		};
		FFFF00042EF9000000000004 /* Manifest */ = {
			isa = PBXGroup;
			children = (
				FFFF00032EF9000000000003 /* ImmersiveManifestView.swift */,
			);
			path = Manifest;
			sourceTree = "<group>";
		};
/* End PBXGroup section */

/* Begin PBXNativeTarget section */
		72E262562EC68CF40080CF29 /* Muse */ = {
			isa = PBXNativeTarget;
			buildConfigurationList = 72E2627A2EC68CF60080CF29 /* Build configuration list for PBXNativeTarget "Muse" */;
			buildPhases = (
				72E262532EC68CF40080CF29 /* Sources */,
				72E262542EC68CF40080CF29 /* Frameworks */,
				72E262552EC68CF40080CF29 /* Resources */,
				BBBB000C2EC7000000000008 /* Embed Foundation Extensions */,
			);
			buildRules = (
			);
			dependencies = (
				BBBB00112EC700000000000D /* PBXTargetDependency */,
			);
			name = Muse;
			packageProductDependencies = (
				7250826F2F076DFD00B5679E /* RevenueCat */,
				725082722F076DFD00B5679E /* RevenueCatUI */,
			);
			productName = Muse;
			productReference = 72E262572EC68CF40080CF29 /* Muse.app */;
			productType = "com.apple.product-type.application";
		};
		72E262652EC68CF60080CF29 /* MuseTests */ = {
			isa = PBXNativeTarget;
			buildConfigurationList = 72E2627D2EC68CF60080CF29 /* Build configuration list for PBXNativeTarget "MuseTests" */;
			buildPhases = (
				72E262622EC68CF60080CF29 /* Sources */,
				72E262632EC68CF60080CF29 /* Frameworks */,
				72E262642EC68CF60080CF29 /* Resources */,
			);
			buildRules = (
			);
			dependencies = (
				72E262682EC68CF60080CF29 /* PBXTargetDependency */,
			);
			name = MuseTests;
			packageProductDependencies = (
			);
			productName = MuseTests;
			productReference = 72E262662EC68CF60080CF29 /* MuseTests.xctest */;
			productType = "com.apple.product-type.bundle.unit-test";
		};
		72E2626F2EC68CF60080CF29 /* MuseUITests */ = {
			isa = PBXNativeTarget;
			buildConfigurationList = 72E262802EC68CF60080CF29 /* Build configuration list for PBXNativeTarget "MuseUITests" */;
			buildPhases = (
				72E2626C2EC68CF60080CF29 /* Sources */,
				72E2626D2EC68CF60080CF29 /* Frameworks */,
				72E2626E2EC68CF60080CF29 /* Resources */,
			);
			buildRules = (
			);
			dependencies = (
				72E262722EC68CF60080CF29 /* PBXTargetDependency */,
			);
			name = MuseUITests;
			packageProductDependencies = (
			);
			productName = MuseUITests;
			productReference = 72E262702EC68CF60080CF29 /* MuseUITests.xctest */;
			productType = "com.apple.product-type.bundle.ui-testing";
		};
		BBBB000B2EC7000000000007 /* MuseWidgetsExtension */ = {
			isa = PBXNativeTarget;
			buildConfigurationList = BBBB00122EC700000000000E /* Build configuration list for PBXNativeTarget "MuseWidgetsExtension" */;
			buildPhases = (
				BBBB00132EC700000000000F /* Sources */,
				BBBB000F2EC700000000000B /* Frameworks */,
				BBBB00142EC7000000000010 /* Resources */,
			);
			buildRules = (
			);
			dependencies = (
			);
			name = MuseWidgetsExtension;
			packageProductDependencies = (
			);
			productName = MuseWidgetsExtension;
			productReference = BBBB00082EC7000000000005 /* MuseWidgetsExtension.appex */;
			productType = "com.apple.product-type.app-extension";
		};
/* End PBXNativeTarget section */

/* Begin PBXProject section */
		72E2624F2EC68CF40080CF29 /* Project object */ = {
			isa = PBXProject;
			attributes = {
				BuildIndependentTargetsInParallel = 1;
				LastSwiftUpdateCheck = 1640;
				LastUpgradeCheck = 1640;
				TargetAttributes = {
					72E262562EC68CF40080CF29 = {
						CreatedOnToolsVersion = 16.4;
					};
					72E262652EC68CF60080CF29 = {
						CreatedOnToolsVersion = 16.4;
						TestTargetID = 72E262562EC68CF40080CF29;
					};
					72E2626F2EC68CF60080CF29 = {
						CreatedOnToolsVersion = 16.4;
						TestTargetID = 72E262562EC68CF40080CF29;
					};
					BBBB000B2EC7000000000007 = {
						CreatedOnToolsVersion = 16.4;
					};
				};
			};
			buildConfigurationList = 72E262522EC68CF40080CF29 /* Build configuration list for PBXProject "Muse" */;
			developmentRegion = en;
			hasScannedForEncodings = 0;
			knownRegions = (
				en,
				Base,
			);
			mainGroup = 72E2624E2EC68CF40080CF29;
			minimizedProjectReferenceProxies = 1;
			packageReferences = (
				7250826E2F076DFD00B5679E /* XCRemoteSwiftPackageReference "purchases-ios-spm" */,
			);
			preferredProjectObjectVersion = 77;
			productRefGroup = 72E262582EC68CF40080CF29 /* Products */;
			projectDirPath = "";
			projectRoot = "";
			targets = (
				72E262562EC68CF40080CF29 /* Muse */,
				72E262652EC68CF60080CF29 /* MuseTests */,
				72E2626F2EC68CF60080CF29 /* MuseUITests */,
				BBBB000B2EC7000000000007 /* MuseWidgetsExtension */,
			);
		};
/* End PBXProject section */

/* Begin PBXResourcesBuildPhase section */
		72E262552EC68CF40080CF29 /* Resources */ = {
			isa = PBXResourcesBuildPhase;
			buildActionMask = 2147483647;
			files = (
				E00400022EF88DF800EB49D3 /* PrivacyInfo.xcprivacy in Resources */,
				72D83ED32EFF765C002E235A /* notisound.wav in Resources */,
				724C1B602EF3EAC10052D8AE /* manifest_5min.m4a in Resources */,
				72996E252EF23F6200795B97 /* bell321.mp3 in Resources */,
				724C1B682EF4DA530052D8AE /* soul-of-the-earth_10min.mp3 in Resources */,
				72D83ED02EFF698B002E235A /* clouds.jpg in Resources */,
				72D83ED12EFF698B002E235A /* ocean.jpg in Resources */,
				72E262AA2EC68E040080CF29 /* Assets.xcassets in Resources */,
				72996E212EF2354500795B97 /* gonginhale.mp3 in Resources */,
				AAAA00032EC6F00000000002 /* quotes.json in Resources */,
				AAAA00052EC6F00000000003 /* affirmations.json in Resources */,
				AAAA00072EC6F00000000005 /* DJTAYEbackground.mp3 in Resources */,
				72B90C152EEF62E600A446A2 /* KrishnaCmaj.mp3 in Resources */,
				72E73EBF2EF0BE9F009D3CDB /* forestbirds.mp3 in Resources */,
				72996E1F2EF2353D00795B97 /* gongexhale.mp3 in Resources */,
				72996E232EF2354E00795B97 /* gonghold.mp3 in Resources */,
				72E73EC02EF0BE9F009D3CDB /* rain.mp3 in Resources */,
				72E73EC12EF0BE9F009D3CDB /* river.mp3 in Resources */,
				726A39512EF795AA00BF8F8E /* 432-hz-tune-in-with-nature-156265.mp3 in Resources */,
				726A39522EF795AA00BF8F8E /* 285-hz-tissue-and-organ-healing-156262.mp3 in Resources */,
				726A39532EF795AA00BF8F8E /* 741hz-throat-chakra-balancing-fostering-honest-expressions-157686.mp3 in Resources */,
				726A39542EF795AA00BF8F8E /* 174-hz-pain-release.mp3 in Resources */,
				726A39552EF795AA00BF8F8E /* 417-hz-sacral-chakra-156264.mp3 in Resources */,
				726A39562EF795AA00BF8F8E /* 639-hz-heart-chakra-156267.mp3 in Resources */,
				726A39572EF795AA00BF8F8E /* 852hz-third-eye-awakening-unleashing-intuition-clairvoyance-157687.mp3 in Resources */,
				726A39582EF795AA00BF8F8E /* 396-hz-root-chakra-156263.mp3 in Resources */,
				726A39592EF795AA00BF8F8E /* 528-hz-solar-plexus-156266.mp3 in Resources */,
				72B90C192EEFCDCA00A446A2 /* backgroundjungle2.jpg in Resources */,
			);
			runOnlyForDeploymentPostprocessing = 0;
		};
		72E262642EC68CF60080CF29 /* Resources */ = {
			isa = PBXResourcesBuildPhase;
			buildActionMask = 2147483647;
			files = (
			);
			runOnlyForDeploymentPostprocessing = 0;
		};
		72E2626E2EC68CF60080CF29 /* Resources */ = {
			isa = PBXResourcesBuildPhase;
			buildActionMask = 2147483647;
			files = (
			);
			runOnlyForDeploymentPostprocessing = 0;
		};
		BBBB00142EC7000000000010 /* Resources */ = {
			isa = PBXResourcesBuildPhase;
			buildActionMask = 2147483647;
			files = (
				BBBB00072EC7000000000004 /* Assets.xcassets in Resources */,
			);
			runOnlyForDeploymentPostprocessing = 0;
		};
/* End PBXResourcesBuildPhase section */

/* Begin PBXSourcesBuildPhase section */
		72E262532EC68CF40080CF29 /* Sources */ = {
			isa = PBXSourcesBuildPhase;
			buildActionMask = 2147483647;
			files = (
				72E262E12EC68E040080CF29 /* PromiseKeeperApp.swift in Sources */,
				72E2629E2EC68E040080CF29 /* ContentView.swift in Sources */,
				72E262DF2EC68E040080CF29 /* FeedView.swift in Sources */,
				72E262A52EC68E040080CF29 /* Theme.swift in Sources */,
				72E262C52EC68E040080CF29 /* MuseChatView.swift in Sources */,
				724C1B5C2EF3E62B0052D8AE /* SpeechRecognizer.swift in Sources */,
				72E262D72EC68E040080CF29 /* ChatBoxView.swift in Sources */,
				72E262C72EC68E040080CF29 /* ProgressView.swift in Sources */,
				72E262D32EC68E040080CF29 /* StartAffirmationsView.swift in Sources */,
				72E262D52EC68E040080CF29 /* ImmersiveAffirmationView.swift in Sources */,
				720DF7282EF88AAF00EB49D2 /* APIKeys.swift in Sources */,
				72E262C92EC68E040080CF29 /* Quote.swift in Sources */,
				724C1B5E2EF3E67B0052D8AE /* ManifestGenerationService.swift in Sources */,
				72E262CB2EC68E040080CF29 /* Affirmation.swift in Sources */,
				72E262DA2EC68E040080CF29 /* AffirmationSession.swift in Sources */,
				E00100022EF88DF800EB49D2 /* EntitlementManager.swift in Sources */,
				E00200022EF88DF800EB49D2 /* OnboardingContainerView.swift in Sources */,
				72305A062EF717AB003A8399 /* ChatStorageService.swift in Sources */,
				72E262D12EC68E040080CF29 /* StorageService.swift in Sources */,
				720DF72A2EF88DF800EB49D2 /* AIAffirmationsChatView.swift in Sources */,
				72E262DC2EC68E040080CF29 /* ProgressService.swift in Sources */,
				AAAA00012EC6F00000000001 /* ContentLoader.swift in Sources */,
				CCCC00012EEE500000000001 /* SpeechService.swift in Sources */,
				CCCC00032EEE500000000002 /* OpenAIConfig.swift in Sources */,
				DDDD00012EF6000000000001 /* FrequencyItem.swift in Sources */,
				DDDD00032EF6000000000002 /* ImmersiveFrequenciesView.swift in Sources */,
				EEEE00012EF7000000000001 /* LocalSecrets.swift in Sources */,
				FFFF00052EF9000000000005 /* JournalView.swift in Sources */,
				FFFF00062EF9000000000006 /* ChatHistoryView.swift in Sources */,
				FFFF00072EF9000000000007 /* ImmersiveManifestView.swift in Sources */,
				AAAA11112EFA000000000001 /* MuseAgentService.swift in Sources */,
				AAAA11132EFA000000000002 /* MuseUserProfileService.swift in Sources */,
			);
			runOnlyForDeploymentPostprocessing = 0;
		};
		72E262622EC68CF60080CF29 /* Sources */ = {
			isa = PBXSourcesBuildPhase;
			buildActionMask = 2147483647;
			files = (
			);
			runOnlyForDeploymentPostprocessing = 0;
		};
		72E2626C2EC68CF60080CF29 /* Sources */ = {
			isa = PBXSourcesBuildPhase;
			buildActionMask = 2147483647;
			files = (
			);
			runOnlyForDeploymentPostprocessing = 0;
		};
		BBBB00132EC700000000000F /* Sources */ = {
			isa = PBXSourcesBuildPhase;
			buildActionMask = 2147483647;
			files = (
				BBBB00012EC7000000000001 /* MuseWidgetsExtensionBundle.swift in Sources */,
				BBBB00032EC7000000000002 /* MuseWidgetsExtension.swift in Sources */,
				BBBB00052EC7000000000003 /* AppIntent.swift in Sources */,
			);
			runOnlyForDeploymentPostprocessing = 0;
		};
/* End PBXSourcesBuildPhase section */

/* Begin PBXTargetDependency section */
		72E262682EC68CF60080CF29 /* PBXTargetDependency */ = {
			isa = PBXTargetDependency;
			target = 72E262562EC68CF40080CF29 /* Muse */;
			targetProxy = 72E262672EC68CF60080CF29 /* PBXContainerItemProxy */;
		};
		72E262722EC68CF60080CF29 /* PBXTargetDependency */ = {
			isa = PBXTargetDependency;
			target = 72E262562EC68CF40080CF29 /* Muse */;
			targetProxy = 72E262712EC68CF60080CF29 /* PBXContainerItemProxy */;
		};
		BBBB00112EC700000000000D /* PBXTargetDependency */ = {
			isa = PBXTargetDependency;
			target = BBBB000B2EC7000000000007 /* MuseWidgetsExtension */;
			targetProxy = BBBB000A2EC7000000000006 /* PBXContainerItemProxy */;
		};
/* End PBXTargetDependency section */

/* Begin XCBuildConfiguration section */
		72E262782EC68CF60080CF29 /* Debug */ = {
			isa = XCBuildConfiguration;
			buildSettings = {
				ALWAYS_SEARCH_USER_PATHS = NO;
				ASSETCATALOG_COMPILER_GENERATE_SWIFT_ASSET_SYMBOL_EXTENSIONS = YES;
				CLANG_ANALYZER_NONNULL = YES;
				CLANG_ANALYZER_NUMBER_OBJECT_CONVERSION = YES_AGGRESSIVE;
				CLANG_CXX_LANGUAGE_STANDARD = "gnu++20";
				CLANG_ENABLE_MODULES = YES;
				CLANG_ENABLE_OBJC_ARC = YES;
				CLANG_ENABLE_OBJC_WEAK = YES;
				CLANG_WARN_BLOCK_CAPTURE_AUTORELEASING = YES;
				CLANG_WARN_BOOL_CONVERSION = YES;
				CLANG_WARN_COMMA = YES;
				CLANG_WARN_CONSTANT_CONVERSION = YES;
				CLANG_WARN_DEPRECATED_OBJC_IMPLEMENTATIONS = YES;
				CLANG_WARN_DIRECT_OBJC_ISA_USAGE = YES_ERROR;
				CLANG_WARN_DOCUMENTATION_COMMENTS = YES;
				CLANG_WARN_EMPTY_BODY = YES;
				CLANG_WARN_ENUM_CONVERSION = YES;
				CLANG_WARN_INFINITE_RECURSION = YES;
				CLANG_WARN_INT_CONVERSION = YES;
				CLANG_WARN_NON_LITERAL_NULL_CONVERSION = YES;
				CLANG_WARN_OBJC_IMPLICIT_RETAIN_SELF = YES;
				CLANG_WARN_OBJC_LITERAL_CONVERSION = YES;
				CLANG_WARN_OBJC_ROOT_CLASS = YES_ERROR;
				CLANG_WARN_QUOTED_INCLUDE_IN_FRAMEWORK_HEADER = YES;
				CLANG_WARN_RANGE_LOOP_ANALYSIS = YES;
				CLANG_WARN_STRICT_PROTOTYPES = YES;
				CLANG_WARN_SUSPICIOUS_MOVE = YES;
				CLANG_WARN_UNGUARDED_AVAILABILITY = YES_AGGRESSIVE;
				CLANG_WARN_UNREACHABLE_CODE = YES;
				CLANG_WARN__DUPLICATE_METHOD_MATCH = YES;
				COPY_PHASE_STRIP = NO;
				DEBUG_INFORMATION_FORMAT = dwarf;
				DEVELOPMENT_TEAM = 28D2M73B26;
				ENABLE_STRICT_OBJC_MSGSEND = YES;
				ENABLE_TESTABILITY = YES;
				ENABLE_USER_SCRIPT_SANDBOXING = YES;
				GCC_C_LANGUAGE_STANDARD = gnu17;
				GCC_DYNAMIC_NO_PIC = NO;
				GCC_NO_COMMON_BLOCKS = YES;
				GCC_OPTIMIZATION_LEVEL = 0;
				GCC_PREPROCESSOR_DEFINITIONS = (
					"DEBUG=1",
					"$(inherited)",
				);
				GCC_WARN_64_TO_32_BIT_CONVERSION = YES;
				GCC_WARN_ABOUT_RETURN_TYPE = YES_ERROR;
				GCC_WARN_UNDECLARED_SELECTOR = YES;
				GCC_WARN_UNINITIALIZED_AUTOS = YES_AGGRESSIVE;
				GCC_WARN_UNUSED_FUNCTION = YES;
				GCC_WARN_UNUSED_VARIABLE = YES;
				IPHONEOS_DEPLOYMENT_TARGET = 18.0;
				LOCALIZATION_PREFERS_STRING_CATALOGS = YES;
				MTL_ENABLE_DEBUG_INFO = INCLUDE_SOURCE;
				MTL_FAST_MATH = YES;
				ONLY_ACTIVE_ARCH = YES;
				SDKROOT = iphoneos;
				SWIFT_ACTIVE_COMPILATION_CONDITIONS = "DEBUG $(inherited)";
				SWIFT_OPTIMIZATION_LEVEL = "-Onone";
			};
			name = Debug;
		};
		72E262792EC68CF60080CF29 /* Release */ = {
			isa = XCBuildConfiguration;
			buildSettings = {
				ALWAYS_SEARCH_USER_PATHS = NO;
				ASSETCATALOG_COMPILER_GENERATE_SWIFT_ASSET_SYMBOL_EXTENSIONS = YES;
				CLANG_ANALYZER_NONNULL = YES;
				CLANG_ANALYZER_NUMBER_OBJECT_CONVERSION = YES_AGGRESSIVE;
				CLANG_CXX_LANGUAGE_STANDARD = "gnu++20";
				CLANG_ENABLE_MODULES = YES;
				CLANG_ENABLE_OBJC_ARC = YES;
				CLANG_ENABLE_OBJC_WEAK = YES;
				CLANG_WARN_BLOCK_CAPTURE_AUTORELEASING = YES;
				CLANG_WARN_BOOL_CONVERSION = YES;
				CLANG_WARN_COMMA = YES;
				CLANG_WARN_CONSTANT_CONVERSION = YES;
				CLANG_WARN_DEPRECATED_OBJC_IMPLEMENTATIONS = YES;
				CLANG_WARN_DIRECT_OBJC_ISA_USAGE = YES_ERROR;
				CLANG_WARN_DOCUMENTATION_COMMENTS = YES;
				CLANG_WARN_EMPTY_BODY = YES;
				CLANG_WARN_ENUM_CONVERSION = YES;
				CLANG_WARN_INFINITE_RECURSION = YES;
				CLANG_WARN_INT_CONVERSION = YES;
				CLANG_WARN_NON_LITERAL_NULL_CONVERSION = YES;
				CLANG_WARN_OBJC_IMPLICIT_RETAIN_SELF = YES;
				CLANG_WARN_OBJC_LITERAL_CONVERSION = YES;
				CLANG_WARN_OBJC_ROOT_CLASS = YES_ERROR;
				CLANG_WARN_QUOTED_INCLUDE_IN_FRAMEWORK_HEADER = YES;
				CLANG_WARN_RANGE_LOOP_ANALYSIS = YES;
				CLANG_WARN_STRICT_PROTOTYPES = YES;
				CLANG_WARN_SUSPICIOUS_MOVE = YES;
				CLANG_WARN_UNGUARDED_AVAILABILITY = YES_AGGRESSIVE;
				CLANG_WARN_UNREACHABLE_CODE = YES;
				CLANG_WARN__DUPLICATE_METHOD_MATCH = YES;
				COPY_PHASE_STRIP = NO;
				DEBUG_INFORMATION_FORMAT = "dwarf-with-dsym";
				DEVELOPMENT_TEAM = 28D2M73B26;
				ENABLE_NS_ASSERTIONS = NO;
				ENABLE_STRICT_OBJC_MSGSEND = YES;
				ENABLE_USER_SCRIPT_SANDBOXING = YES;
				GCC_C_LANGUAGE_STANDARD = gnu17;
				GCC_NO_COMMON_BLOCKS = YES;
				GCC_WARN_64_TO_32_BIT_CONVERSION = YES;
				GCC_WARN_ABOUT_RETURN_TYPE = YES_ERROR;
				GCC_WARN_UNDECLARED_SELECTOR = YES;
				GCC_WARN_UNINITIALIZED_AUTOS = YES_AGGRESSIVE;
				GCC_WARN_UNUSED_FUNCTION = YES;
				GCC_WARN_UNUSED_VARIABLE = YES;
				IPHONEOS_DEPLOYMENT_TARGET = 18.0;
				LOCALIZATION_PREFERS_STRING_CATALOGS = YES;
				MTL_ENABLE_DEBUG_INFO = NO;
				MTL_FAST_MATH = YES;
				SDKROOT = iphoneos;
				SWIFT_COMPILATION_MODE = wholemodule;
				VALIDATE_PRODUCT = YES;
			};
			name = Release;
		};
		72E2627B2EC68CF60080CF29 /* Debug */ = {
			isa = XCBuildConfiguration;
			buildSettings = {
				ASSETCATALOG_COMPILER_APPICON_NAME = AppIcon;
				ASSETCATALOG_COMPILER_GLOBAL_ACCENT_COLOR_NAME = AccentColor;
				CODE_SIGN_ENTITLEMENTS = Muse/Muse.Debug.entitlements;
				CODE_SIGN_STYLE = Automatic;
				CURRENT_PROJECT_VERSION = 3;
				DEVELOPMENT_TEAM = 28D2M73B26;
				ENABLE_PREVIEWS = YES;
				GENERATE_INFOPLIST_FILE = YES;
				INFOPLIST_FILE = Muse/Info.plist;
				INFOPLIST_KEY_CFBundleDisplayName = "Muse ";
				INFOPLIST_KEY_LSApplicationCategoryType = "public.app-category.healthcare-fitness";
				INFOPLIST_KEY_UIApplicationSceneManifest_Generation = YES;
				INFOPLIST_KEY_UIApplicationSupportsIndirectInputEvents = YES;
				INFOPLIST_KEY_UILaunchScreen_Generation = YES;
				INFOPLIST_KEY_UISupportedInterfaceOrientations_iPad = "UIInterfaceOrientationPortrait UIInterfaceOrientationPortraitUpsideDown UIInterfaceOrientationLandscapeLeft UIInterfaceOrientationLandscapeRight";
				INFOPLIST_KEY_UISupportedInterfaceOrientations_iPhone = "UIInterfaceOrientationPortrait UIInterfaceOrientationLandscapeLeft UIInterfaceOrientationLandscapeRight";
				LD_RUNPATH_SEARCH_PATHS = (
					"$(inherited)",
					"@executable_path/Frameworks",
				);
				MARKETING_VERSION = 1.02;
				PRODUCT_BUNDLE_IDENTIFIER = Ephesian28LLC.Muse;
				PRODUCT_NAME = "$(TARGET_NAME)";
				SWIFT_EMIT_LOC_STRINGS = YES;
				SWIFT_VERSION = 5.0;
				TARGETED_DEVICE_FAMILY = "1,2";
			};
			name = Debug;
		};
		72E2627C2EC68CF60080CF29 /* Release */ = {
			isa = XCBuildConfiguration;
			buildSettings = {
				ASSETCATALOG_COMPILER_APPICON_NAME = AppIcon;
				ASSETCATALOG_COMPILER_GLOBAL_ACCENT_COLOR_NAME = AccentColor;
				CODE_SIGN_ENTITLEMENTS = Muse/Muse.entitlements;
				CODE_SIGN_STYLE = Automatic;
				CURRENT_PROJECT_VERSION = 3;
				DEVELOPMENT_TEAM = 28D2M73B26;
				ENABLE_PREVIEWS = YES;
				GENERATE_INFOPLIST_FILE = YES;
				INFOPLIST_FILE = Muse/Info.plist;
				INFOPLIST_KEY_CFBundleDisplayName = "Muse ";
				INFOPLIST_KEY_LSApplicationCategoryType = "public.app-category.healthcare-fitness";
				INFOPLIST_KEY_UIApplicationSceneManifest_Generation = YES;
				INFOPLIST_KEY_UIApplicationSupportsIndirectInputEvents = YES;
				INFOPLIST_KEY_UILaunchScreen_Generation = YES;
				INFOPLIST_KEY_UISupportedInterfaceOrientations_iPad = "UIInterfaceOrientationPortrait UIInterfaceOrientationPortraitUpsideDown UIInterfaceOrientationLandscapeLeft UIInterfaceOrientationLandscapeRight";
				INFOPLIST_KEY_UISupportedInterfaceOrientations_iPhone = "UIInterfaceOrientationPortrait UIInterfaceOrientationLandscapeLeft UIInterfaceOrientationLandscapeRight";
				LD_RUNPATH_SEARCH_PATHS = (
					"$(inherited)",
					"@executable_path/Frameworks",
				);
				MARKETING_VERSION = 1.02;
				PRODUCT_BUNDLE_IDENTIFIER = Ephesian28LLC.Muse;
				PRODUCT_NAME = "$(TARGET_NAME)";
				SWIFT_EMIT_LOC_STRINGS = YES;
				SWIFT_VERSION = 5.0;
				TARGETED_DEVICE_FAMILY = "1,2";
			};
			name = Release;
		};
		72E2627E2EC68CF60080CF29 /* Debug */ = {
			isa = XCBuildConfiguration;
			buildSettings = {
				BUNDLE_LOADER = "$(TEST_HOST)";
				CODE_SIGN_STYLE = Automatic;
				CURRENT_PROJECT_VERSION = 1;
				DEVELOPMENT_TEAM = 28D2M73B26;
				GENERATE_INFOPLIST_FILE = YES;
				IPHONEOS_DEPLOYMENT_TARGET = 18.0;
				MARKETING_VERSION = 1.0;
				PRODUCT_BUNDLE_IDENTIFIER = Ephesian28LLC.MuseTests;
				PRODUCT_NAME = "$(TARGET_NAME)";
				SWIFT_EMIT_LOC_STRINGS = NO;
				SWIFT_VERSION = 5.0;
				TARGETED_DEVICE_FAMILY = "1,2";
				TEST_HOST = "$(BUILT_PRODUCTS_DIR)/Muse.app/$(BUNDLE_EXECUTABLE_FOLDER_PATH)/Muse";
			};
			name = Debug;
		};
		72E2627F2EC68CF60080CF29 /* Release */ = {
			isa = XCBuildConfiguration;
			buildSettings = {
				BUNDLE_LOADER = "$(TEST_HOST)";
				CODE_SIGN_STYLE = Automatic;
				CURRENT_PROJECT_VERSION = 1;
				DEVELOPMENT_TEAM = 28D2M73B26;
				GENERATE_INFOPLIST_FILE = YES;
				IPHONEOS_DEPLOYMENT_TARGET = 18.0;
				MARKETING_VERSION = 1.0;
				PRODUCT_BUNDLE_IDENTIFIER = Ephesian28LLC.MuseTests;
				PRODUCT_NAME = "$(TARGET_NAME)";
				SWIFT_EMIT_LOC_STRINGS = NO;
				SWIFT_VERSION = 5.0;
				TARGETED_DEVICE_FAMILY = "1,2";
				TEST_HOST = "$(BUILT_PRODUCTS_DIR)/Muse.app/$(BUNDLE_EXECUTABLE_FOLDER_PATH)/Muse";
			};
			name = Release;
		};
		72E262812EC68CF60080CF29 /* Debug */ = {
			isa = XCBuildConfiguration;
			buildSettings = {
				CODE_SIGN_STYLE = Automatic;
				CURRENT_PROJECT_VERSION = 1;
				DEVELOPMENT_TEAM = 28D2M73B26;
				GENERATE_INFOPLIST_FILE = YES;
				MARKETING_VERSION = 1.0;
				PRODUCT_BUNDLE_IDENTIFIER = Ephesian28LLC.MuseUITests;
				PRODUCT_NAME = "$(TARGET_NAME)";
				SWIFT_EMIT_LOC_STRINGS = NO;
				SWIFT_VERSION = 5.0;
				TARGETED_DEVICE_FAMILY = "1,2";
				TEST_TARGET_NAME = Muse;
			};
			name = Debug;
		};
		72E262822EC68CF60080CF29 /* Release */ = {
			isa = XCBuildConfiguration;
			buildSettings = {
				CODE_SIGN_STYLE = Automatic;
				CURRENT_PROJECT_VERSION = 1;
				DEVELOPMENT_TEAM = 28D2M73B26;
				GENERATE_INFOPLIST_FILE = YES;
				MARKETING_VERSION = 1.0;
				PRODUCT_BUNDLE_IDENTIFIER = Ephesian28LLC.MuseUITests;
				PRODUCT_NAME = "$(TARGET_NAME)";
				SWIFT_EMIT_LOC_STRINGS = NO;
				SWIFT_VERSION = 5.0;
				TARGETED_DEVICE_FAMILY = "1,2";
				TEST_TARGET_NAME = Muse;
			};
			name = Release;
		};
		BBBB00152EC7000000000011 /* Debug */ = {
			isa = XCBuildConfiguration;
			buildSettings = {
				ASSETCATALOG_COMPILER_GLOBAL_ACCENT_COLOR_NAME = AccentColor;
				ASSETCATALOG_COMPILER_WIDGET_BACKGROUND_COLOR_NAME = WidgetBackground;
				CODE_SIGN_ENTITLEMENTS = MuseWidgetsExtension.entitlements;
				CODE_SIGN_STYLE = Automatic;
				CURRENT_PROJECT_VERSION = 1;
				DEVELOPMENT_TEAM = 28D2M73B26;
				GENERATE_INFOPLIST_FILE = YES;
				INFOPLIST_FILE = MuseWidgetsExtension/Info.plist;
				INFOPLIST_KEY_CFBundleDisplayName = MuseWidgetsExtension;
				INFOPLIST_KEY_NSHumanReadableCopyright = "";
				LD_RUNPATH_SEARCH_PATHS = (
					"$(inherited)",
					"@executable_path/Frameworks",
					"@executable_path/../../Frameworks",
				);
				MARKETING_VERSION = 1.0;
				PRODUCT_BUNDLE_IDENTIFIER = Ephesian28LLC.Muse.MuseWidgetsExtension;
				PRODUCT_NAME = "$(TARGET_NAME)";
				SKIP_INSTALL = YES;
				SWIFT_EMIT_LOC_STRINGS = YES;
				SWIFT_VERSION = 5.0;
				TARGETED_DEVICE_FAMILY = "1,2";
			};
			name = Debug;
		};
		BBBB00162EC7000000000012 /* Release */ = {
			isa = XCBuildConfiguration;
			buildSettings = {
				ASSETCATALOG_COMPILER_GLOBAL_ACCENT_COLOR_NAME = AccentColor;
				ASSETCATALOG_COMPILER_WIDGET_BACKGROUND_COLOR_NAME = WidgetBackground;
				CODE_SIGN_ENTITLEMENTS = MuseWidgetsExtension.entitlements;
				CODE_SIGN_STYLE = Automatic;
				CURRENT_PROJECT_VERSION = 1;
				DEVELOPMENT_TEAM = 28D2M73B26;
				GENERATE_INFOPLIST_FILE = YES;
				INFOPLIST_FILE = MuseWidgetsExtension/Info.plist;
				INFOPLIST_KEY_CFBundleDisplayName = MuseWidgetsExtension;
				INFOPLIST_KEY_NSHumanReadableCopyright = "";
				LD_RUNPATH_SEARCH_PATHS = (
					"$(inherited)",
					"@executable_path/Frameworks",
					"@executable_path/../../Frameworks",
				);
				MARKETING_VERSION = 1.0;
				PRODUCT_BUNDLE_IDENTIFIER = Ephesian28LLC.Muse.MuseWidgetsExtension;
				PRODUCT_NAME = "$(TARGET_NAME)";
				SKIP_INSTALL = YES;
				SWIFT_EMIT_LOC_STRINGS = YES;
				SWIFT_VERSION = 5.0;
				TARGETED_DEVICE_FAMILY = "1,2";
			};
			name = Release;
		};
/* End XCBuildConfiguration section */

/* Begin XCConfigurationList section */
		72E262522EC68CF40080CF29 /* Build configuration list for PBXProject "Muse" */ = {
			isa = XCConfigurationList;
			buildConfigurations = (
				72E262782EC68CF60080CF29 /* Debug */,
				72E262792EC68CF60080CF29 /* Release */,
			);
			defaultConfigurationIsVisible = 0;
			defaultConfigurationName = Release;
		};
		72E2627A2EC68CF60080CF29 /* Build configuration list for PBXNativeTarget "Muse" */ = {
			isa = XCConfigurationList;
			buildConfigurations = (
				72E2627B2EC68CF60080CF29 /* Debug */,
				72E2627C2EC68CF60080CF29 /* Release */,
			);
			defaultConfigurationIsVisible = 0;
			defaultConfigurationName = Release;
		};
		72E2627D2EC68CF60080CF29 /* Build configuration list for PBXNativeTarget "MuseTests" */ = {
			isa = XCConfigurationList;
			buildConfigurations = (
				72E2627E2EC68CF60080CF29 /* Debug */,
				72E2627F2EC68CF60080CF29 /* Release */,
			);
			defaultConfigurationIsVisible = 0;
			defaultConfigurationName = Release;
		};
		72E262802EC68CF60080CF29 /* Build configuration list for PBXNativeTarget "MuseUITests" */ = {
			isa = XCConfigurationList;
			buildConfigurations = (
				72E262812EC68CF60080CF29 /* Debug */,
				72E262822EC68CF60080CF29 /* Release */,
			);
			defaultConfigurationIsVisible = 0;
			defaultConfigurationName = Release;
		};
		BBBB00122EC700000000000E /* Build configuration list for PBXNativeTarget "MuseWidgetsExtension" */ = {
			isa = XCConfigurationList;
			buildConfigurations = (
				BBBB00152EC7000000000011 /* Debug */,
				BBBB00162EC7000000000012 /* Release */,
			);
			defaultConfigurationIsVisible = 0;
			defaultConfigurationName = Release;
		};
/* End XCConfigurationList section */

/* Begin XCRemoteSwiftPackageReference section */
		7250826E2F076DFD00B5679E /* XCRemoteSwiftPackageReference "purchases-ios-spm" */ = {
			isa = XCRemoteSwiftPackageReference;
			repositoryURL = "https://github.com/RevenueCat/purchases-ios-spm.git";
			requirement = {
				kind = upToNextMajorVersion;
				minimumVersion = 5.70.0;
			};
		};
/* End XCRemoteSwiftPackageReference section */

/* Begin XCSwiftPackageProductDependency section */
		7250826F2F076DFD00B5679E /* RevenueCat */ = {
			isa = XCSwiftPackageProductDependency;
			package = 7250826E2F076DFD00B5679E /* XCRemoteSwiftPackageReference "purchases-ios-spm" */;
			productName = RevenueCat;
		};
		725082722F076DFD00B5679E /* RevenueCatUI */ = {
			isa = XCSwiftPackageProductDependency;
			package = 7250826E2F076DFD00B5679E /* XCRemoteSwiftPackageReference "purchases-ios-spm" */;
			productName = RevenueCatUI;
		};
/* End XCSwiftPackageProductDependency section */
	};
	rootObject = 72E2624F2EC68CF40080CF29 /* Project object */;
}
